
Microsoft Visual Studio Solution File, Format Version 12.00
# Visual Studio 15
VisualStudioVersion = 15.0.27703.2042
MinimumVisualStudioVersion = 10.0.40219.1
Project("{FAE04EC0-301F-11D3-BF4B-00C04F79EFBC}") = "ChatServer", "ChatServer\ChatServer.csproj", "{A637B4D3-49C8-478B-B351-E5CE9A567EC0}"
EndProject
Global
	GlobalSection(SolutionConfigurationPlatforms) = preSolution
		Debug|Any CPU = Debug|Any CPU
		Release|Any CPU = Release|Any CPU
	EndGlobalSection
	GlobalSection(ProjectConfigurationPlatforms) = postSolution
		{A637B4D3-49C8-478B-B351-E5CE9A567EC0}.Debug|Any CPU.ActiveCfg = Debug|Any CPU
		{A637B4D3-49C8-478B-B351-E5CE9A567EC0}.Debug|Any CPU.Build.0 = Debug|Any CPU
		{A637B4D3-49C8-478B-B351-E5CE9A567EC0}.Release|Any CPU.ActiveCfg = Release|Any CPU
		{A637B4D3-49C8-478B-B351-E5CE9A567EC0}.Release|Any CPU.Build.0 = Release|Any CPU
	EndGlobalSection
	GlobalSection(SolutionProperties) = preSolution
		HideSolutionNode = FALSE
	EndGlobalSection
	GlobalSection(ExtensibilityGlobals) = postSolution
		SolutionGuid = {6C46341C-2BBB-47C1-A4EA-D63EEC5336BD}
	EndGlobalSection
EndGlobal
